{
  "name": "@minogin/vue-drag-resize-rotate",
  "version": "1.0.5",
  "lockfileVersion": 1,
  "requires": true,
  "dependencies": {
    "@minogin/vector": {
      "version": "1.0.2",
      "resolved": "https://registry.npmjs.org/@minogin/vector/-/vector-1.0.2.tgz",
      "integrity": "sha512-iMlPme16/YbFmtcofRJS0RU17U7PL4pwIkEnCZ6heNGfQOwd7lMSgXUnZavI5SE4A3bllVISv99+KxNbOMbAow=="
    },
    "vue": {
      "version": "2.5.22",
      "resolved": "https://registry.npmjs.org/vue/-/vue-2.5.22.tgz",
      "integrity": "sha512-pxY3ZHlXNJMFQbkjEgGVMaMMkSV1ONpz+4qB55kZuJzyJOhn6MSy/YZdzhdnumegNzVTL/Dn3Pp4UrVBYt1j/g=="
    }
  }
}
